// !$*UTF8*$!
{
	archiveVersion = 1;
	classes = {
	};
	objectVersion = 46;
	objects = {

/* Begin PBXBuildFile section */
		D4E74DD71CBF016700E53B70 /* AppDelegate.swift in Sources */ = {isa = PBXBuildFile; fileRef = D4E74DD61CBF016700E53B70 /* AppDelegate.swift */; };
		D4E74DD91CBF016700E53B70 /* ViewController.swift in Sources */ = {isa = PBXBuildFile; fileRef = D4E74DD81CBF016700E53B70 /* ViewController.swift */; };
		D4E74DDC1CBF016700E53B70 /* Main.storyboard in Resources */ = {isa = PBXBuildFile; fileRef = D4E74DDA1CBF016700E53B70 /* Main.storyboard */; };
		D4E74DDE1CBF016700E53B70 /* Assets.xcassets in Resources */ = {isa = PBXBuildFile; fileRef = D4E74DDD1CBF016700E53B70 /* Assets.xcassets */; };
		D4E74DE11CBF016700E53B70 /* LaunchScreen.storyboard in Resources */ = {isa = PBXBuildFile; fileRef = D4E74DDF1CBF016700E53B70 /* LaunchScreen.storyboard */; };
		D4E74DE91CBF017600E53B70 /* MessageBalloon.swift in Sources */ = {isa = PBXBuildFile; fileRef = D4E74DE81CBF017600E53B70 /* MessageBalloon.swift */; };
/* End PBXBuildFile section */

/* Begin PBXFileReference section */
		D4E74DD31CBF016700E53B70 /* message balloon.app */ = {isa = PBXFileReference; explicitFileType = wrapper.application; includeInIndex = 0; path = "message balloon.app"; sourceTree = BUILT_PRODUCTS_DIR; };
		D4E74DD61CBF016700E53B70 /* AppDelegate.swift */ = {isa = PBXFileReference; lastKnownFileType = sourcecode.swift; path = AppDelegate.swift; sourceTree = "<group>"; };
		D4E74DD81CBF016700E53B70 /* ViewController.swift */ = {isa = PBXFileReference; lastKnownFileType = sourcecode.swift; path = ViewController.swift; sourceTree = "<group>"; };
		D4E74DDB1CBF016700E53B70 /* Base */ = {isa = PBXFileReference; lastKnownFileType = file.storyboard; name = Base; path = Base.lproj/Main.storyboard; sourceTree = "<group>"; };
		D4E74DDD1CBF016700E53B70 /* Assets.xcassets */ = {isa = PBXFileReference; lastKnownFileType = folder.assetcatalog; path = Assets.xcassets; sourceTree = "<group>"; };
		D4E74DE01CBF016700E53B70 /* Base */ = {isa = PBXFileReference; lastKnownFileType = file.storyboard; name = Base; path = Base.lproj/LaunchScreen.storyboard; sourceTree = "<group>"; };
		D4E74DE21CBF016700E53B70 /* Info.plist */ = {isa = PBXFileReference; lastKnownFileType = text.plist.xml; path = Info.plist; sourceTree = "<group>"; };
		D4E74DE81CBF017600E53B70 /* MessageBalloon.swift */ = {isa = PBXFileReference; fileEncoding = 4; lastKnownFileType = sourcecode.swift; name = MessageBalloon.swift; path = ../MessageBalloon.swift; sourceTree = "<group>"; };
/* End PBXFileReference section */

/* Begin PBXFrameworksBuildPhase section */
		D4E74DD01CBF016700E53B70 /* Frameworks */ = {
			isa = PBXFrameworksBuildPhase;
			buildActionMask = 2147483647;
			files = (
			);
			runOnlyForDeploymentPostprocessing = 0;
		};
/* End PBXFrameworksBuildPhase section */

/* Begin PBXGroup section */
		D4E74DCA1CBF016700E53B70 = {
			isa = PBXGroup;
			children = (
				D4E74DD51CBF016700E53B70 /* message balloon */,
				D4E74DD41CBF016700E53B70 /* Products */,
			);
			sourceTree = "<group>";
		};
		D4E74DD41CBF016700E53B70 /* Products */ = {
			isa = PBXGroup;
			children = (
				D4E74DD31CBF016700E53B70 /* message balloon.app */,
			);
			name = Products;
			sourceTree = "<group>";
		};
		D4E74DD51CBF016700E53B70 /* message balloon */ = {
			isa = PBXGroup;
			children = (
				D4E74DE81CBF017600E53B70 /* MessageBalloon.swift */,
				D4E74DD61CBF016700E53B70 /* AppDelegate.swift */,
				D4E74DD81CBF016700E53B70 /* ViewController.swift */,
				D4E74DDA1CBF016700E53B70 /* Main.storyboard */,
				D4E74DDD1CBF016700E53B70 /* Assets.xcassets */,
				D4E74DDF1CBF016700E53B70 /* LaunchScreen.storyboard */,
				D4E74DE21CBF016700E53B70 /* Info.plist */,
			);
			path = "message balloon";
			sourceTree = "<group>";
		};
/* End PBXGroup section */

/* Begin PBXNativeTarget section */
		D4E74DD21CBF016700E53B70 /* message balloon */ = {
			isa = PBXNativeTarget;
			buildConfigurationList = D4E74DE51CBF016700E53B70 /* Build configuration list for PBXNativeTarget "message balloon" */;
			buildPhases = (
				D4E74DCF1CBF016700E53B70 /* Sources */,
				D4E74DD01CBF016700E53B70 /* Frameworks */,
				D4E74DD11CBF016700E53B70 /* Resources */,
			);
			buildRules = (
			);
			dependencies = (
			);
			name = "message balloon";
			productName = "message balloon";
			productReference = D4E74DD31CBF016700E53B70 /* message balloon.app */;
			productType = "com.apple.product-type.application";
		};
/* End PBXNativeTarget section */

/* Begin PBXProject section */
		D4E74DCB1CBF016700E53B70 /* Project object */ = {
			isa = PBXProject;
			attributes = {
				LastSwiftUpdateCheck = 0730;
				LastUpgradeCheck = 0730;
				ORGANIZATIONNAME = "Carlos Corrêa";
				TargetAttributes = {
					D4E74DD21CBF016700E53B70 = {
						CreatedOnToolsVersion = 7.3;
					};
				};
			};
			buildConfigurationList = D4E74DCE1CBF016700E53B70 /* Build configuration list for PBXProject "message balloon" */;
			compatibilityVersion = "Xcode 3.2";
			developmentRegion = English;
			hasScannedForEncodings = 0;
			knownRegions = (
				en,
				Base,
			);
			mainGroup = D4E74DCA1CBF016700E53B70;
			productRefGroup = D4E74DD41CBF016700E53B70 /* Products */;
			projectDirPath = "";
			projectRoot = "";
			targets = (
				D4E74DD21CBF016700E53B70 /* message balloon */,
			);
		};
/* End PBXProject section */

/* Begin PBXResourcesBuildPhase section */
		D4E74DD11CBF016700E53B70 /* Resources */ = {
			isa = PBXResourcesBuildPhase;
			buildActionMask = 2147483647;
			files = (
				D4E74DE11CBF016700E53B70 /* LaunchScreen.storyboard in Resources */,
				D4E74DDE1CBF016700E53B70 /* Assets.xcassets in Resources */,
				D4E74DDC1CBF016700E53B70 /* Main.storyboard in Resources */,
			);
			runOnlyForDeploymentPostprocessing = 0;
		};
/* End PBXResourcesBuildPhase section */

/* Begin PBXSourcesBuildPhase section */
		D4E74DCF1CBF016700E53B70 /* Sources */ = {
			isa = PBXSourcesBuildPhase;
			buildActionMask = 2147483647;
			files = (
				D4E74DD91CBF016700E53B70 /* ViewController.swift in Sources */,
				D4E74DD71CBF016700E53B70 /* AppDelegate.swift in Sources */,
				D4E74DE91CBF017600E53B70 /* MessageBalloon.swift in Sources */,
			);
			runOnlyForDeploymentPostprocessing = 0;
		};
/* End PBXSourcesBuildPhase section */

/* Begin PBXVariantGroup section */
		D4E74DDA1CBF016700E53B70 /* Main.storyboard */ = {
			isa = PBXVariantGroup;
			children = (
				D4E74DDB1CBF016700E53B70 /* Base */,
			);
			name = Main.storyboard;
			sourceTree = "<group>";
		};
		D4E74DDF1CBF016700E53B70 /* LaunchScreen.storyboard */ = {
			isa = PBXVariantGroup;
			children = (
				D4E74DE01CBF016700E53B70 /* Base */,
			);
			name = LaunchScreen.storyboard;
			sourceTree = "<group>";
		};
/* End PBXVariantGroup section */

/* Begin XCBuildConfiguration section */
		D4E74DE31CBF016700E53B70 /* Debug */ = {
			isa = XCBuildConfiguration;
			buildSettings = {
				ALWAYS_SEARCH_USER_PATHS = NO;
				CLANG_ANALYZER_NONNULL = YES;
				CLANG_CXX_LANGUAGE_STANDARD = "gnu++0x";
				CLANG_CXX_LIBRARY = "libc++";
				CLANG_ENABLE_MODULES = YES;
				CLANG_ENABLE_OBJC_ARC = YES;
				CLANG_WARN_BOOL_CONVERSION = YES;
				CLANG_WARN_CONSTANT_CONVERSION = YES;
				CLANG_WARN_DIRECT_OBJC_ISA_USAGE = YES_ERROR;
				CLANG_WARN_EMPTY_BODY = YES;
				CLANG_WARN_ENUM_CONVERSION = YES;
				CLANG_WARN_INT_CONVERSION = YES;
				CLANG_WARN_OBJC_ROOT_CLASS = YES_ERROR;
				CLANG_WARN_UNREACHABLE_CODE = YES;
				CLANG_WARN__DUPLICATE_METHOD_MATCH = YES;
				"CODE_SIGN_IDENTITY[sdk=iphoneos*]" = "iPhone Developer";
				COPY_PHASE_STRIP = NO;
				DEBUG_INFORMATION_FORMAT = dwarf;
				ENABLE_STRICT_OBJC_MSGSEND = YES;
				ENABLE_TESTABILITY = YES;
				GCC_C_LANGUAGE_STANDARD = gnu99;
				GCC_DYNAMIC_NO_PIC = NO;
				GCC_NO_COMMON_BLOCKS = YES;
				GCC_OPTIMIZATION_LEVEL = 0;
				GCC_PREPROCESSOR_DEFINITIONS = (
					"DEBUG=1",
					"$(inherited)",
				);
				GCC_WARN_64_TO_32_BIT_CONVERSION = YES;
				GCC_WARN_ABOUT_RETURN_TYPE = YES_ERROR;
				GCC_WARN_UNDECLARED_SELECTOR = YES;
				GCC_WARN_UNINITIALIZED_AUTOS = YES_AGGRESSIVE;
				GCC_WARN_UNUSED_FUNCTION = YES;
				GCC_WARN_UNUSED_VARIABLE = YES;
				IPHONEOS_DEPLOYMENT_TARGET = 9.3;
				MTL_ENABLE_DEBUG_INFO = YES;
				ONLY_ACTIVE_ARCH = YES;
				SDKROOT = iphoneos;
				SWIFT_OPTIMIZATION_LEVEL = "-Onone";
			};
			name = Debug;
		};
		D4E74DE41CBF016700E53B70 /* Release */ = {
			isa = XCBuildConfiguration;
			buildSettings = {
				ALWAYS_SEARCH_USER_PATHS = NO;
				CLANG_ANALYZER_NONNULL = YES;
				CLANG_CXX_LANGUAGE_STANDARD = "gnu++0x";
				CLANG_CXX_LIBRARY = "libc++";
				CLANG_ENABLE_MODULES = YES;
				CLANG_ENABLE_OBJC_ARC = YES;
				CLANG_WARN_BOOL_CONVERSION = YES;
				CLANG_WARN_CONSTANT_CONVERSION = YES;
				CLANG_WARN_DIRECT_OBJC_ISA_USAGE = YES_ERROR;
				CLANG_WARN_EMPTY_BODY = YES;
				CLANG_WARN_ENUM_CONVERSION = YES;
				CLANG_WARN_INT_CONVERSION = YES;
				CLANG_WARN_OBJC_ROOT_CLASS = YES_ERROR;
				CLANG_WARN_UNREACHABLE_CODE = YES;
				CLANG_WARN__DUPLICATE_METHOD_MATCH = YES;
				"CODE_SIGN_IDENTITY[sdk=iphoneos*]" = "iPhone Developer";
				COPY_PHASE_STRIP = NO;
				DEBUG_INFORMATION_FORMAT = "dwarf-with-dsym";
				ENABLE_NS_ASSERTIONS = NO;
				ENABLE_STRICT_OBJC_MSGSEND = YES;
				GCC_C_LANGUAGE_STANDARD = gnu99;
				GCC_NO_COMMON_BLOCKS = YES;
				GCC_WARN_64_TO_32_BIT_CONVERSION = YES;
				GCC_WARN_ABOUT_RETURN_TYPE = YES_ERROR;
				GCC_WARN_UNDECLARED_SELECTOR = YES;
				GCC_WARN_UNINITIALIZED_AUTOS = YES_AGGRESSIVE;
				GCC_WARN_UNUSED_FUNCTION = YES;
				GCC_WARN_UNUSED_VARIABLE = YES;
				IPHONEOS_DEPLOYMENT_TARGET = 9.3;
				MTL_ENABLE_DEBUG_INFO = NO;
				SDKROOT = iphoneos;
				VALIDATE_PRODUCT = YES;
			};
			name = Release;
		};
		D4E74DE61CBF016700E53B70 /* Debug */ = {
			isa = XCBuildConfiguration;
			buildSettings = {
				ASSETCATALOG_COMPILER_APPICON_NAME = AppIcon;
				INFOPLIST_FILE = "message balloon/Info.plist";
				LD_RUNPATH_SEARCH_PATHS = "$(inherited) @executable_path/Frameworks";
				PRODUCT_BUNDLE_IDENTIFIER = "com.ccorrea.message-balloon";
				PRODUCT_NAME = "$(TARGET_NAME)";
			};
			name = Debug;
		};
		D4E74DE71CBF016700E53B70 /* Release */ = {
			isa = XCBuildConfiguration;
			buildSettings = {
				ASSETCATALOG_COMPILER_APPICON_NAME = AppIcon;
				INFOPLIST_FILE = "message balloon/Info.plist";
				LD_RUNPATH_SEARCH_PATHS = "$(inherited) @executable_path/Frameworks";
				PRODUCT_BUNDLE_IDENTIFIER = "com.ccorrea.message-balloon";
				PRODUCT_NAME = "$(TARGET_NAME)";
			};
			name = Release;
		};
/* End XCBuildConfiguration section */

/* Begin XCConfigurationList section */
		D4E74DCE1CBF016700E53B70 /* Build configuration list for PBXProject "message balloon" */ = {
			isa = XCConfigurationList;
			buildConfigurations = (
				D4E74DE31CBF016700E53B70 /* Debug */,
				D4E74DE41CBF016700E53B70 /* Release */,
			);
			defaultConfigurationIsVisible = 0;
			defaultConfigurationName = Release;
		};
		D4E74DE51CBF016700E53B70 /* Build configuration list for PBXNativeTarget "message balloon" */ = {
			isa = XCConfigurationList;
			buildConfigurations = (
				D4E74DE61CBF016700E53B70 /* Debug */,
				D4E74DE71CBF016700E53B70 /* Release */,
			);
			defaultConfigurationIsVisible = 0;
			defaultConfigurationName = Release;
		};
/* End XCConfigurationList section */
	};
	rootObject = D4E74DCB1CBF016700E53B70 /* Project object */;
}
